{
  "version": 4,
  "terraform_version": "1.1.3",
  "serial": 81,
  "lineage": "0e35e100-fbdc-ac08-1e33-f3f71af5ffa9",
  "outputs": {},
  "resources": [
    {
      "mode": "managed",
      "type": "google_compute_firewall",
      "name": "ahmed-FW",
      "provider": "provider[\"registry.terraform.io/hashicorp/google\"]",
      "instances": [
        {
          "schema_version": 1,
          "attributes": {
            "allow": [
              {
                "ports": [
                  "80",
                  "22"
                ],
                "protocol": "tcp"
              }
            ],
            "creation_timestamp": "2022-01-15T00:31:30.834-08:00",
            "deny": [],
            "description": "",
            "destination_ranges": [],
            "direction": "INGRESS",
            "disabled": false,
            "enable_logging": null,
            "id": "projects/ahmed-emad-project/global/firewalls/firewall-to-allow-iap",
            "log_config": [],
            "name": "firewall-to-allow-iap",
            "network": "https://www.googleapis.com/compute/v1/projects/ahmed-emad-project/global/networks/final-vpc-network",
            "priority": 1000,
            "project": "ahmed-emad-project",
            "self_link": "https://www.googleapis.com/compute/v1/projects/ahmed-emad-project/global/firewalls/firewall-to-allow-iap",
            "source_ranges": [
              "35.235.240.0/20"
            ],
            "source_service_accounts": [],
            "source_tags": [],
            "target_service_accounts": [],
            "target_tags": [],
            "timeouts": null
          },
          "sensitive_attributes": [],
          "private": "eyJlMmJmYjczMC1lY2FhLTExZTYtOGY4OC0zNDM2M2JjN2M0YzAiOnsiY3JlYXRlIjoyNDAwMDAwMDAwMDAsImRlbGV0ZSI6MjQwMDAwMDAwMDAwLCJ1cGRhdGUiOjI0MDAwMDAwMDAwMH0sInNjaGVtYV92ZXJzaW9uIjoiMSJ9",
          "dependencies": [
            "google_compute_network.ahmed-vpc-network"
          ]
        }
      ]
    },
    {
      "mode": "managed",
      "type": "google_compute_instance",
      "name": "ahmed-private-vm",
      "provider": "provider[\"registry.terraform.io/hashicorp/google\"]",
      "instances": [
        {
          "schema_version": 6,
          "attributes": {
            "advanced_machine_features": [],
            "allow_stopping_for_update": null,
            "attached_disk": [],
            "boot_disk": [
              {
                "auto_delete": true,
                "device_name": "persistent-disk-0",
                "disk_encryption_key_raw": "",
                "disk_encryption_key_sha256": "",
                "initialize_params": [
                  {
                    "image": "https://www.googleapis.com/compute/v1/projects/debian-cloud/global/images/debian-9-stretch-v20211209",
                    "labels": {},
                    "size": 10,
                    "type": "pd-standard"
                  }
                ],
                "kms_key_self_link": "",
                "mode": "READ_WRITE",
                "source": "https://www.googleapis.com/compute/v1/projects/ahmed-emad-project/zones/europe-west3-a/disks/final-instance"
              }
            ],
            "can_ip_forward": false,
            "confidential_instance_config": [],
            "cpu_platform": "Intel Broadwell",
            "current_status": "RUNNING",
            "deletion_protection": false,
            "description": "",
            "desired_status": null,
            "enable_display": false,
            "guest_accelerator": [],
            "hostname": "",
            "id": "projects/ahmed-emad-project/zones/europe-west3-a/instances/final-instance",
            "instance_id": "7700769278518048914",
            "label_fingerprint": "42WmSpB8rSM=",
            "labels": {},
            "machine_type": "e2-micro",
            "metadata": {},
            "metadata_fingerprint": "EFarCasO0wk=",
            "metadata_startup_script": null,
            "min_cpu_platform": "",
            "name": "final-instance",
            "network_interface": [
              {
                "access_config": [],
                "alias_ip_range": [],
                "ipv6_access_config": [],
                "ipv6_access_type": "",
                "name": "nic0",
                "network": "https://www.googleapis.com/compute/v1/projects/ahmed-emad-project/global/networks/final-vpc-network",
                "network_ip": "10.0.0.2",
                "nic_type": "",
                "queue_count": 0,
                "stack_type": "IPV4_ONLY",
                "subnetwork": "https://www.googleapis.com/compute/v1/projects/ahmed-emad-project/regions/europe-west3/subnetworks/final-management-subnetwork",
                "subnetwork_project": "ahmed-emad-project"
              }
            ],
            "project": "ahmed-emad-project",
            "reservation_affinity": [],
            "resource_policies": [],
            "scheduling": [
              {
                "automatic_restart": true,
                "min_node_cpus": 0,
                "node_affinities": [],
                "on_host_maintenance": "MIGRATE",
                "preemptible": false
              }
            ],
            "scratch_disk": [],
            "self_link": "https://www.googleapis.com/compute/v1/projects/ahmed-emad-project/zones/europe-west3-a/instances/final-instance",
            "service_account": [],
            "shielded_instance_config": [],
            "tags": [],
            "tags_fingerprint": "42WmSpB8rSM=",
            "timeouts": null,
            "zone": "europe-west3-a"
          },
          "sensitive_attributes": [],
          "private": "eyJlMmJmYjczMC1lY2FhLTExZTYtOGY4OC0zNDM2M2JjN2M0YzAiOnsiY3JlYXRlIjoxMjAwMDAwMDAwMDAwLCJkZWxldGUiOjEyMDAwMDAwMDAwMDAsInVwZGF0ZSI6MTIwMDAwMDAwMDAwMH0sInNjaGVtYV92ZXJzaW9uIjoiNiJ9",
          "dependencies": [
            "google_compute_network.ahmed-vpc-network",
            "google_compute_subnetwork.ahmed-public-subnet"
          ]
        }
      ]
    },
    {
      "mode": "managed",
      "type": "google_compute_network",
      "name": "ahmed-vpc-network",
      "provider": "provider[\"registry.terraform.io/hashicorp/google\"]",
      "instances": [
        {
          "schema_version": 0,
          "attributes": {
            "auto_create_subnetworks": false,
            "delete_default_routes_on_create": false,
            "description": "",
            "gateway_ipv4": "",
            "id": "projects/ahmed-emad-project/global/networks/final-vpc-network",
            "mtu": 0,
            "name": "final-vpc-network",
            "project": "ahmed-emad-project",
            "routing_mode": "REGIONAL",
            "self_link": "https://www.googleapis.com/compute/v1/projects/ahmed-emad-project/global/networks/final-vpc-network",
            "timeouts": null
          },
          "sensitive_attributes": [],
          "private": "eyJlMmJmYjczMC1lY2FhLTExZTYtOGY4OC0zNDM2M2JjN2M0YzAiOnsiY3JlYXRlIjoyNDAwMDAwMDAwMDAsImRlbGV0ZSI6MjQwMDAwMDAwMDAwLCJ1cGRhdGUiOjI0MDAwMDAwMDAwMH19"
        }
      ]
    },
    {
      "mode": "managed",
      "type": "google_compute_router",
      "name": "ahmed-router",
      "provider": "provider[\"registry.terraform.io/hashicorp/google\"]",
      "instances": [
        {
          "schema_version": 0,
          "attributes": {
            "bgp": [
              {
                "advertise_mode": "DEFAULT",
                "advertised_groups": [],
                "advertised_ip_ranges": [],
                "asn": 64514
              }
            ],
            "creation_timestamp": "2022-01-15T00:31:56.403-08:00",
            "description": "",
            "encrypted_interconnect_router": false,
            "id": "projects/ahmed-emad-project/regions/europe-west3/routers/final-router",
            "name": "final-router",
            "network": "https://www.googleapis.com/compute/v1/projects/ahmed-emad-project/global/networks/final-vpc-network",
            "project": "ahmed-emad-project",
            "region": "europe-west3",
            "self_link": "https://www.googleapis.com/compute/v1/projects/ahmed-emad-project/regions/europe-west3/routers/final-router",
            "timeouts": null
          },
          "sensitive_attributes": [],
          "private": "eyJlMmJmYjczMC1lY2FhLTExZTYtOGY4OC0zNDM2M2JjN2M0YzAiOnsiY3JlYXRlIjoyNDAwMDAwMDAwMDAsImRlbGV0ZSI6MjQwMDAwMDAwMDAwLCJ1cGRhdGUiOjI0MDAwMDAwMDAwMH19",
          "dependencies": [
            "google_compute_subnetwork.ahmed-public-subnet",
            "google_compute_network.ahmed-vpc-network"
          ]
        }
      ]
    },
    {
      "mode": "managed",
      "type": "google_compute_router_nat",
      "name": "ahmed-nat",
      "provider": "provider[\"registry.terraform.io/hashicorp/google\"]",
      "instances": [
        {
          "schema_version": 0,
          "attributes": {
            "drain_nat_ips": [],
            "enable_endpoint_independent_mapping": true,
            "icmp_idle_timeout_sec": 30,
            "id": "ahmed-emad-project/europe-west3/final-router/final-router-nat",
            "log_config": [
              {
                "enable": true,
                "filter": "ERRORS_ONLY"
              }
            ],
            "min_ports_per_vm": 0,
            "name": "final-router-nat",
            "nat_ip_allocate_option": "AUTO_ONLY",
            "nat_ips": [],
            "project": "ahmed-emad-project",
            "region": "europe-west3",
            "router": "final-router",
            "source_subnetwork_ip_ranges_to_nat": "LIST_OF_SUBNETWORKS",
            "subnetwork": [
              {
                "name": "https://www.googleapis.com/compute/v1/projects/ahmed-emad-project/regions/europe-west3/subnetworks/final-management-subnetwork",
                "secondary_ip_range_names": [],
                "source_ip_ranges_to_nat": [
                  "ALL_IP_RANGES"
                ]
              }
            ],
            "tcp_established_idle_timeout_sec": 1200,
            "tcp_transitory_idle_timeout_sec": 30,
            "timeouts": null,
            "udp_idle_timeout_sec": 30
          },
          "sensitive_attributes": [],
          "private": "eyJlMmJmYjczMC1lY2FhLTExZTYtOGY4OC0zNDM2M2JjN2M0YzAiOnsiY3JlYXRlIjo2MDAwMDAwMDAwMDAsImRlbGV0ZSI6NjAwMDAwMDAwMDAwLCJ1cGRhdGUiOjYwMDAwMDAwMDAwMH19",
          "dependencies": [
            "google_compute_network.ahmed-vpc-network",
            "google_compute_router.ahmed-router",
            "google_compute_subnetwork.ahmed-public-subnet"
          ]
        }
      ]
    },
    {
      "mode": "managed",
      "type": "google_compute_subnetwork",
      "name": "ahmed-private-subnet",
      "provider": "provider[\"registry.terraform.io/hashicorp/google\"]",
      "instances": [
        {
          "schema_version": 0,
          "attributes": {
            "creation_timestamp": "2022-01-15T00:31:31.693-08:00",
            "description": "",
            "external_ipv6_prefix": "",
            "fingerprint": null,
            "gateway_address": "10.0.1.1",
            "id": "projects/ahmed-emad-project/regions/europe-west3/subnetworks/final-restricted-subnetwork",
            "ip_cidr_range": "10.0.1.0/24",
            "ipv6_access_type": "",
            "ipv6_cidr_range": "",
            "log_config": [],
            "name": "final-restricted-subnetwork",
            "network": "https://www.googleapis.com/compute/v1/projects/ahmed-emad-project/global/networks/final-vpc-network",
            "private_ip_google_access": false,
            "private_ipv6_google_access": "DISABLE_GOOGLE_ACCESS",
            "project": "ahmed-emad-project",
            "purpose": "PRIVATE",
            "region": "europe-west3",
            "role": "",
            "secondary_ip_range": [
              {
                "ip_cidr_range": "10.12.0.0/16",
                "range_name": "gke-final-gke-cluster-services-4269a641"
              },
              {
                "ip_cidr_range": "10.16.0.0/16",
                "range_name": "gke-final-gke-cluster-pods-4269a641"
              }
            ],
            "self_link": "https://www.googleapis.com/compute/v1/projects/ahmed-emad-project/regions/europe-west3/subnetworks/final-restricted-subnetwork",
            "stack_type": "IPV4_ONLY",
            "timeouts": null
          },
          "sensitive_attributes": [],
          "private": "eyJlMmJmYjczMC1lY2FhLTExZTYtOGY4OC0zNDM2M2JjN2M0YzAiOnsiY3JlYXRlIjozNjAwMDAwMDAwMDAsImRlbGV0ZSI6MzYwMDAwMDAwMDAwLCJ1cGRhdGUiOjM2MDAwMDAwMDAwMH19",
          "dependencies": [
            "google_compute_network.ahmed-vpc-network"
          ]
        }
      ]
    },
    {
      "mode": "managed",
      "type": "google_compute_subnetwork",
      "name": "ahmed-public-subnet",
      "provider": "provider[\"registry.terraform.io/hashicorp/google\"]",
      "instances": [
        {
          "schema_version": 0,
          "attributes": {
            "creation_timestamp": "2022-01-15T00:31:31.124-08:00",
            "description": "",
            "external_ipv6_prefix": "",
            "fingerprint": null,
            "gateway_address": "10.0.0.1",
            "id": "projects/ahmed-emad-project/regions/europe-west3/subnetworks/final-management-subnetwork",
            "ip_cidr_range": "10.0.0.0/24",
            "ipv6_access_type": "",
            "ipv6_cidr_range": "",
            "log_config": [],
            "name": "final-management-subnetwork",
            "network": "https://www.googleapis.com/compute/v1/projects/ahmed-emad-project/global/networks/final-vpc-network",
            "private_ip_google_access": false,
            "private_ipv6_google_access": "DISABLE_GOOGLE_ACCESS",
            "project": "ahmed-emad-project",
            "purpose": "PRIVATE",
            "region": "europe-west3",
            "role": "",
            "secondary_ip_range": [],
            "self_link": "https://www.googleapis.com/compute/v1/projects/ahmed-emad-project/regions/europe-west3/subnetworks/final-management-subnetwork",
            "stack_type": "IPV4_ONLY",
            "timeouts": null
          },
          "sensitive_attributes": [],
          "private": "eyJlMmJmYjczMC1lY2FhLTExZTYtOGY4OC0zNDM2M2JjN2M0YzAiOnsiY3JlYXRlIjozNjAwMDAwMDAwMDAsImRlbGV0ZSI6MzYwMDAwMDAwMDAwLCJ1cGRhdGUiOjM2MDAwMDAwMDAwMH19",
          "dependencies": [
            "google_compute_network.ahmed-vpc-network"
          ]
        }
      ]
    },
    {
      "mode": "managed",
      "type": "google_container_cluster",
      "name": "ahmed-private-cluster",
      "provider": "provider[\"registry.terraform.io/hashicorp/google\"]",
      "instances": [
        {
          "schema_version": 1,
          "attributes": {
            "addons_config": [
              {
                "cloudrun_config": [],
                "horizontal_pod_autoscaling": [],
                "http_load_balancing": [],
                "network_policy_config": [
                  {
                    "disabled": true
                  }
                ]
              }
            ],
            "authenticator_groups_config": [],
            "cluster_autoscaling": [
              {
                "auto_provisioning_defaults": [],
                "enabled": false,
                "resource_limits": []
              }
            ],
            "cluster_ipv4_cidr": "10.16.0.0/16",
            "confidential_nodes": [],
            "database_encryption": [
              {
                "key_name": "",
                "state": "DECRYPTED"
              }
            ],
            "datapath_provider": "",
            "default_max_pods_per_node": 110,
            "default_snat_status": [
              {
                "disabled": false
              }
            ],
            "description": "",
            "enable_autopilot": false,
            "enable_binary_authorization": false,
            "enable_intranode_visibility": false,
            "enable_kubernetes_alpha": false,
            "enable_legacy_abac": false,
            "enable_shielded_nodes": true,
            "enable_tpu": false,
            "endpoint": "172.16.0.2",
            "id": "projects/ahmed-emad-project/locations/europe-west3/clusters/final-gke-cluster",
            "initial_node_count": 1,
            "ip_allocation_policy": [
              {
                "cluster_ipv4_cidr_block": "10.16.0.0/16",
                "cluster_secondary_range_name": "gke-final-gke-cluster-pods-4269a641",
                "services_ipv4_cidr_block": "10.12.0.0/16",
                "services_secondary_range_name": "gke-final-gke-cluster-services-4269a641"
              }
            ],
            "label_fingerprint": "a9dc16a7",
            "location": "europe-west3",
            "logging_config": [
              {
                "enable_components": [
                  "SYSTEM_COMPONENTS",
                  "WORKLOADS"
                ]
              }
            ],
            "logging_service": "logging.googleapis.com/kubernetes",
            "maintenance_policy": [],
            "master_auth": [
              {
                "client_certificate": "",
                "client_certificate_config": [
                  {
                    "issue_client_certificate": false
                  }
                ],
                "client_key": "",
                "cluster_ca_certificate": "LS0tLS1CRUdJTiBDRVJUSUZJQ0FURS0tLS0tCk1JSUVMRENDQXBTZ0F3SUJBZ0lRWkhJS01NeGsrTzVpOHlNR3JmaDREVEFOQmdrcWhraUc5dzBCQVFzRkFEQXYKTVMwd0t3WURWUVFERXlRMk16STFaamd5T0MwMk9EUXhMVFExTnpJdE9UWTVNaTAzTmpOak1USXhaVEkzWldNdwpJQmNOTWpJd01URTFNRGN6TVRRNFdoZ1BNakExTWpBeE1EZ3dPRE14TkRoYU1DOHhMVEFyQmdOVkJBTVRKRFl6Ck1qVm1PREk0TFRZNE5ERXRORFUzTWkwNU5qa3lMVGMyTTJNeE1qRmxNamRsWXpDQ0FhSXdEUVlKS29aSWh2Y04KQVFFQkJRQURnZ0dQQURDQ0FZb0NnZ0dCQU1DalRjL2xkanNlcE9aS2JQcStySFpiYTBkczBCc2tNSURRS1MzTQpPempPVytoVDFaRUdVNHN5dWRzWkVLMk1FL0ZteFp4Vk9PZW55bzY1ZVEvaFQ2YlhadjJjVW8rZTMxWG5wbVhGCmVxcWhZL0R0ODBUa0E4MEdFS0ZsV3ZGWlljbWIvT1QyOVR3d2JGMTYveStQOGljeGc4RllkTUFidkNDSy9GY0UKRFBOWmRLL0JLcmRZV3JHVk4vdVVGSnJqTWtIcTB0QUJ4M3pFVllDelNDcWN4M3UyMURMSXg0ekVCOUVDUUlpSgpYT1dOWnk2NlpzZmFoYlRBQjlkbVNlcXlBRTVVbHhoc0xIREUxVG5VOW5NQWVLSmFEbW5wUDIrSkZXdGlITUo1CjhhZ210WXhhbVFZYUlZdEN6UnkvVExrN3l6aGdiNnJHK1RFUk42OVZxN1hmQUI4NEludXFpT1d3eTlVSHAya3IKM0ZBdlY0WUNTOURPUmlmQ3lNOXpGQlJKeFArZlBpaGNKQXkyTWNKS3dZUFNqYVBYM1J5dTgvWU4vblFTVk1lawo2WmN1VEl3VmRwOGtIQ1FTWXVUZFlncThwRHBXczE3eEMyR09UMDh4MnVNQkc1cnRlZW82ZWorUzFWQ3ZJditlCkJWdGZEc2syZDhJYzVjY21LM3J4VHk1Y213SURBUUFCbzBJd1FEQU9CZ05WSFE4QkFmOEVCQU1DQWdRd0R3WUQKVlIwVEFRSC9CQVV3QXdFQi96QWRCZ05WSFE0RUZnUVVmZmZaUWdrTW84bE51NDF0bUl1K2hvSWFyUVV3RFFZSgpLb1pJaHZjTkFRRUxCUUFEZ2dHQkFFSEp6SG9IYjFaODVqYzV6M3kxeFIvUzZoVk14OVdFbEFNYlJqOXNJbnB6CkswUnFXZG1FL3lSMHd5ZmtxV0RWS3ExK2hGdnBISW1RbnpoeG92ZHlNSC9uTmFndjRiaGRUaTRjajBZNFVUUGcKTjFPRjVWZjAzMnl6L3RNNWtaWDY2RmdiSC9Md3J2RkNHTmt5YTl0L3lxVVlHd3pmMUdnemZYRldpUVpHSjh5VQpZWTQzTGNyQUpFMkU4dEpSczNZbjZiMm5nc0M0S25pamorVE5ZK3V1T052UXVwQk5tK2R4YmVUM2x0ZmQzMEZmCkgrUUpYRnV5YmVqMEtwWWRnRlZXNnVUOG9obzVaRXpUQ1l0SFlINjZiUkxzbHdncDdJZHhMbW9YaHFwVEwxR2QKSG9BUWJLYUp0Zm8weVVtMGVmL1dzQ0szMDl6bG9XcFptSTh6TTFXVEhRY3V1ajlHVG9FMGxxU1A3UEJNSGRENwp3emVWVS96bkwzWGp0YlZjMS9lbEtkK3FBZlg2YStjMDJSRU9UajdJc3Nmenp3T1pqalpEbGpnVDM1cDlVanArCjFsYTVaWGMrUUFZSm9kMk50UGl6L2c3UDZUYzY0ZG9HTll0V3QyT3hkRitUcGJnR2Z5NzdQTWFPeHVYT1lHelkKYXRBZDMzUFpuZjkvd3RnVFJGemlBZz09Ci0tLS0tRU5EIENFUlRJRklDQVRFLS0tLS0K"
              }
            ],
            "master_authorized_networks_config": [
              {
                "cidr_blocks": [
                  {
                    "cidr_block": "10.0.0.0/24",
                    "display_name": ""
                  }
                ]
              }
            ],
            "master_version": "1.21.5-gke.1302",
            "min_master_version": null,
            "monitoring_config": [
              {
                "enable_components": [
                  "SYSTEM_COMPONENTS"
                ]
              }
            ],
            "monitoring_service": "monitoring.googleapis.com/kubernetes",
            "name": "final-gke-cluster",
            "network": "projects/ahmed-emad-project/global/networks/final-vpc-network",
            "network_policy": [
              {
                "enabled": false,
                "provider": "PROVIDER_UNSPECIFIED"
              }
            ],
            "networking_mode": "VPC_NATIVE",
            "node_config": [
              {
                "boot_disk_kms_key": "",
                "disk_size_gb": 100,
                "disk_type": "pd-standard",
                "gcfs_config": [],
                "guest_accelerator": [],
                "image_type": "COS_CONTAINERD",
                "labels": {},
                "local_ssd_count": 0,
                "machine_type": "e2-micro",
                "metadata": {
                  "disable-legacy-endpoints": "true"
                },
                "min_cpu_platform": "",
                "node_group": "",
                "oauth_scopes": [
                  "https://www.googleapis.com/auth/cloud-platform"
                ],
                "preemptible": false,
                "service_account": "final-service-account-id@ahmed-emad-project.iam.gserviceaccount.com",
                "shielded_instance_config": [
                  {
                    "enable_integrity_monitoring": true,
                    "enable_secure_boot": false
                  }
                ],
                "tags": [],
                "taint": [],
                "workload_metadata_config": []
              }
            ],
            "node_locations": [
              "europe-west3-a",
              "europe-west3-b",
              "europe-west3-c"
            ],
            "node_pool": [
              {
                "autoscaling": [],
                "initial_node_count": 1,
                "instance_group_urls": [
                  "https://www.googleapis.com/compute/v1/projects/ahmed-emad-project/zones/europe-west3-b/instanceGroupManagers/gke-final-gke-cluster-final-node-pool-928b8d81-grp",
                  "https://www.googleapis.com/compute/v1/projects/ahmed-emad-project/zones/europe-west3-c/instanceGroupManagers/gke-final-gke-cluster-final-node-pool-81355677-grp",
                  "https://www.googleapis.com/compute/v1/projects/ahmed-emad-project/zones/europe-west3-a/instanceGroupManagers/gke-final-gke-cluster-final-node-pool-d67319a1-grp"
                ],
                "managed_instance_group_urls": [
                  "https://www.googleapis.com/compute/v1/projects/ahmed-emad-project/zones/europe-west3-b/instanceGroups/gke-final-gke-cluster-final-node-pool-928b8d81-grp",
                  "https://www.googleapis.com/compute/v1/projects/ahmed-emad-project/zones/europe-west3-c/instanceGroups/gke-final-gke-cluster-final-node-pool-81355677-grp",
                  "https://www.googleapis.com/compute/v1/projects/ahmed-emad-project/zones/europe-west3-a/instanceGroups/gke-final-gke-cluster-final-node-pool-d67319a1-grp"
                ],
                "management": [
                  {
                    "auto_repair": true,
                    "auto_upgrade": true
                  }
                ],
                "max_pods_per_node": 110,
                "name": "final-node-pool",
                "name_prefix": "",
                "node_config": [
                  {
                    "boot_disk_kms_key": "",
                    "disk_size_gb": 100,
                    "disk_type": "pd-standard",
                    "gcfs_config": [],
                    "guest_accelerator": [],
                    "image_type": "COS_CONTAINERD",
                    "labels": {},
                    "local_ssd_count": 0,
                    "machine_type": "e2-micro",
                    "metadata": {
                      "disable-legacy-endpoints": "true"
                    },
                    "min_cpu_platform": "",
                    "node_group": "",
                    "oauth_scopes": [
                      "https://www.googleapis.com/auth/cloud-platform"
                    ],
                    "preemptible": false,
                    "service_account": "final-service-account-id@ahmed-emad-project.iam.gserviceaccount.com",
                    "shielded_instance_config": [
                      {
                        "enable_integrity_monitoring": true,
                        "enable_secure_boot": false
                      }
                    ],
                    "tags": [],
                    "taint": [],
                    "workload_metadata_config": []
                  }
                ],
                "node_count": 1,
                "node_locations": [
                  "europe-west3-a",
                  "europe-west3-b",
                  "europe-west3-c"
                ],
                "upgrade_settings": [
                  {
                    "max_surge": 1,
                    "max_unavailable": 0
                  }
                ],
                "version": "1.21.5-gke.1302"
              }
            ],
            "node_version": "1.21.5-gke.1302",
            "operation": null,
            "private_cluster_config": [
              {
                "enable_private_endpoint": true,
                "enable_private_nodes": true,
                "master_global_access_config": [
                  {
                    "enabled": false
                  }
                ],
                "master_ipv4_cidr_block": "172.16.0.0/28",
                "peering_name": "gke-n755f91e7e60c4293482-261c-1ac8-peer",
                "private_endpoint": "172.16.0.2",
                "public_endpoint": "35.234.77.12"
              }
            ],
            "private_ipv6_google_access": "",
            "project": "ahmed-emad-project",
            "release_channel": [
              {
                "channel": "REGULAR"
              }
            ],
            "remove_default_node_pool": true,
            "resource_labels": {},
            "resource_usage_export_config": [],
            "self_link": "https://container.googleapis.com/v1/projects/ahmed-emad-project/locations/europe-west3/clusters/final-gke-cluster",
            "services_ipv4_cidr": "10.12.0.0/16",
            "subnetwork": "projects/ahmed-emad-project/regions/europe-west3/subnetworks/final-restricted-subnetwork",
            "timeouts": null,
            "tpu_ipv4_cidr_block": "",
            "vertical_pod_autoscaling": [],
            "workload_identity_config": []
          },
          "sensitive_attributes": [],
          "private": "eyJlMmJmYjczMC1lY2FhLTExZTYtOGY4OC0zNDM2M2JjN2M0YzAiOnsiY3JlYXRlIjoyNDAwMDAwMDAwMDAwLCJkZWxldGUiOjI0MDAwMDAwMDAwMDAsInJlYWQiOjI0MDAwMDAwMDAwMDAsInVwZGF0ZSI6MzYwMDAwMDAwMDAwMH0sInNjaGVtYV92ZXJzaW9uIjoiMSJ9",
          "dependencies": [
            "google_compute_network.ahmed-vpc-network",
            "google_compute_subnetwork.ahmed-private-subnet"
          ]
        }
      ]
    },
    {
      "mode": "managed",
      "type": "google_container_node_pool",
      "name": "ahmed-preemptible-nodes",
      "provider": "provider[\"registry.terraform.io/hashicorp/google\"]",
      "instances": [
        {
          "schema_version": 1,
          "attributes": {
            "autoscaling": [],
            "cluster": "final-gke-cluster",
            "id": "projects/ahmed-emad-project/locations/europe-west3/clusters/final-gke-cluster/nodePools/final-node-pool",
            "initial_node_count": 1,
            "instance_group_urls": [
              "https://www.googleapis.com/compute/v1/projects/ahmed-emad-project/zones/europe-west3-b/instanceGroupManagers/gke-final-gke-cluster-final-node-pool-928b8d81-grp",
              "https://www.googleapis.com/compute/v1/projects/ahmed-emad-project/zones/europe-west3-c/instanceGroupManagers/gke-final-gke-cluster-final-node-pool-81355677-grp",
              "https://www.googleapis.com/compute/v1/projects/ahmed-emad-project/zones/europe-west3-a/instanceGroupManagers/gke-final-gke-cluster-final-node-pool-d67319a1-grp"
            ],
            "location": "europe-west3",
            "managed_instance_group_urls": [
              "https://www.googleapis.com/compute/v1/projects/ahmed-emad-project/zones/europe-west3-b/instanceGroups/gke-final-gke-cluster-final-node-pool-928b8d81-grp",
              "https://www.googleapis.com/compute/v1/projects/ahmed-emad-project/zones/europe-west3-c/instanceGroups/gke-final-gke-cluster-final-node-pool-81355677-grp",
              "https://www.googleapis.com/compute/v1/projects/ahmed-emad-project/zones/europe-west3-a/instanceGroups/gke-final-gke-cluster-final-node-pool-d67319a1-grp"
            ],
            "management": [
              {
                "auto_repair": true,
                "auto_upgrade": true
              }
            ],
            "max_pods_per_node": 110,
            "name": "final-node-pool",
            "name_prefix": "",
            "node_config": [
              {
                "boot_disk_kms_key": "",
                "disk_size_gb": 100,
                "disk_type": "pd-standard",
                "gcfs_config": [],
                "guest_accelerator": [],
                "image_type": "COS_CONTAINERD",
                "labels": {},
                "local_ssd_count": 0,
                "machine_type": "e2-micro",
                "metadata": {
                  "disable-legacy-endpoints": "true"
                },
                "min_cpu_platform": "",
                "node_group": "",
                "oauth_scopes": [
                  "https://www.googleapis.com/auth/cloud-platform"
                ],
                "preemptible": false,
                "service_account": "final-service-account-id@ahmed-emad-project.iam.gserviceaccount.com",
                "shielded_instance_config": [
                  {
                    "enable_integrity_monitoring": true,
                    "enable_secure_boot": false
                  }
                ],
                "tags": [],
                "taint": [],
                "workload_metadata_config": []
              }
            ],
            "node_count": 1,
            "node_locations": [
              "europe-west3-a",
              "europe-west3-b",
              "europe-west3-c"
            ],
            "operation": null,
            "project": "ahmed-emad-project",
            "timeouts": null,
            "upgrade_settings": [
              {
                "max_surge": 1,
                "max_unavailable": 0
              }
            ],
            "version": "1.21.5-gke.1302"
          },
          "sensitive_attributes": [],
          "private": "eyJlMmJmYjczMC1lY2FhLTExZTYtOGY4OC0zNDM2M2JjN2M0YzAiOnsiY3JlYXRlIjoxODAwMDAwMDAwMDAwLCJkZWxldGUiOjE4MDAwMDAwMDAwMDAsInVwZGF0ZSI6MTgwMDAwMDAwMDAwMH0sInNjaGVtYV92ZXJzaW9uIjoiMSJ9",
          "dependencies": [
            "google_compute_subnetwork.ahmed-private-subnet",
            "google_container_cluster.ahmed-private-cluster",
            "google_service_account.ahmed-SA",
            "google_compute_network.ahmed-vpc-network"
          ]
        }
      ]
    },
    {
      "mode": "managed",
      "type": "google_project_iam_binding",
      "name": "ahmed-binding",
      "provider": "provider[\"registry.terraform.io/hashicorp/google\"]",
      "instances": [
        {
          "schema_version": 0,
          "attributes": {
            "condition": [],
            "etag": "BwXVmr31/yU=",
            "id": "ahmed-emad-project/roles/container.admin",
            "members": [
              "serviceAccount:final-service-account-id@ahmed-emad-project.iam.gserviceaccount.com"
            ],
            "project": "ahmed-emad-project",
            "role": "roles/container.admin"
          },
          "sensitive_attributes": [],
          "private": "bnVsbA==",
          "dependencies": [
            "google_service_account.ahmed-SA"
          ]
        }
      ]
    },
    {
      "mode": "managed",
      "type": "google_service_account",
      "name": "ahmed-SA",
      "provider": "provider[\"registry.terraform.io/hashicorp/google\"]",
      "instances": [
        {
          "schema_version": 0,
          "attributes": {
            "account_id": "final-service-account-id",
            "description": "",
            "disabled": false,
            "display_name": "final project service account",
            "email": "final-service-account-id@ahmed-emad-project.iam.gserviceaccount.com",
            "id": "projects/ahmed-emad-project/serviceAccounts/final-service-account-id@ahmed-emad-project.iam.gserviceaccount.com",
            "name": "projects/ahmed-emad-project/serviceAccounts/final-service-account-id@ahmed-emad-project.iam.gserviceaccount.com",
            "project": "ahmed-emad-project",
            "timeouts": null,
            "unique_id": "100473250484730963455"
          },
          "sensitive_attributes": [],
          "private": "eyJlMmJmYjczMC1lY2FhLTExZTYtOGY4OC0zNDM2M2JjN2M0YzAiOnsiY3JlYXRlIjozMDAwMDAwMDAwMDB9fQ=="
        }
      ]
    }
  ]
}
